
Microsoft Visual Studio Solution File, Format Version 12.00
# Visual Studio 2013
VisualStudioVersion = 12.0.21005.1
MinimumVisualStudioVersion = 10.0.40219.1
Project("{FAE04EC0-301F-11D3-BF4B-00C04F79EFBC}") = "testApp", "testApp\testApp.csproj", "{1C5D11AF-345F-4C98-A36D-6CAC4F249095}"
EndProject
Project("{FAE04EC0-301F-11D3-BF4B-00C04F79EFBC}") = "testApp.Tests", "testApp.Tests\testApp.Tests.csproj", "{6E97BB1A-DC2F-424D-B292-D065DF6CF749}"
EndProject
Global
	GlobalSection(SolutionConfigurationPlatforms) = preSolution
		Debug|Any CPU = Debug|Any CPU
		Release|Any CPU = Release|Any CPU
	EndGlobalSection
	GlobalSection(ProjectConfigurationPlatforms) = postSolution
		{1C5D11AF-345F-4C98-A36D-6CAC4F249095}.Debug|Any CPU.ActiveCfg = Debug|Any CPU
		{1C5D11AF-345F-4C98-A36D-6CAC4F249095}.Debug|Any CPU.Build.0 = Debug|Any CPU
		{1C5D11AF-345F-4C98-A36D-6CAC4F249095}.Release|Any CPU.ActiveCfg = Release|Any CPU
		{1C5D11AF-345F-4C98-A36D-6CAC4F249095}.Release|Any CPU.Build.0 = Release|Any CPU
		{6E97BB1A-DC2F-424D-B292-D065DF6CF749}.Debug|Any CPU.ActiveCfg = Debug|Any CPU
		{6E97BB1A-DC2F-424D-B292-D065DF6CF749}.Debug|Any CPU.Build.0 = Debug|Any CPU
		{6E97BB1A-DC2F-424D-B292-D065DF6CF749}.Release|Any CPU.ActiveCfg = Release|Any CPU
		{6E97BB1A-DC2F-424D-B292-D065DF6CF749}.Release|Any CPU.Build.0 = Release|Any CPU
	EndGlobalSection
	GlobalSection(SolutionProperties) = preSolution
		HideSolutionNode = FALSE
	EndGlobalSection
EndGlobal
